// !$*UTF8*$!
{
	archiveVersion = 1;
	classes = {
	};
	objectVersion = 77;
	objects = {

/* Begin PBXContainerItemProxy section */
		28F35C4E2E6273D5003EEF3B /* PBXContainerItemProxy */ = {
			isa = PBXContainerItemProxy;
			containerPortal = 28F35C362E6273D3003EEF3B /* Project object */;
			proxyType = 1;
			remoteGlobalIDString = 28F35C3D2E6273D3003EEF3B;
			remoteInfo = "in-out";
		};
		28F35C582E6273D5003EEF3B /* PBXContainerItemProxy */ = {
			isa = PBXContainerItemProxy;
			containerPortal = 28F35C362E6273D3003EEF3B /* Project object */;
			proxyType = 1;
			remoteGlobalIDString = 28F35C3D2E6273D3003EEF3B;
			remoteInfo = "in-out";
		};
/* End PBXContainerItemProxy section */

/* Begin PBXFileReference section */
		28F35C3E2E6273D3003EEF3B /* in-out.app */ = {isa = PBXFileReference; explicitFileType = wrapper.application; includeInIndex = 0; path = "in-out.app"; sourceTree = BUILT_PRODUCTS_DIR; };
		28F35C4D2E6273D5003EEF3B /* in-outTests.xctest */ = {isa = PBXFileReference; explicitFileType = wrapper.cfbundle; includeInIndex = 0; path = "in-outTests.xctest"; sourceTree = BUILT_PRODUCTS_DIR; };
		28F35C572E6273D5003EEF3B /* in-outUITests.xctest */ = {isa = PBXFileReference; explicitFileType = wrapper.cfbundle; includeInIndex = 0; path = "in-outUITests.xctest"; sourceTree = BUILT_PRODUCTS_DIR; };
/* End PBXFileReference section */

/* Begin PBXFileSystemSynchronizedRootGroup section */
		28F35C402E6273D3003EEF3B /* in-out */ = {
			isa = PBXFileSystemSynchronizedRootGroup;
			path = "in-out";
			sourceTree = "<group>";
		};
		28F35C502E6273D5003EEF3B /* in-outTests */ = {
			isa = PBXFileSystemSynchronizedRootGroup;
			path = "in-outTests";
			sourceTree = "<group>";
		};
		28F35C5A2E6273D5003EEF3B /* in-outUITests */ = {
			isa = PBXFileSystemSynchronizedRootGroup;
			path = "in-outUITests";
			sourceTree = "<group>";
		};
/* End PBXFileSystemSynchronizedRootGroup section */

/* Begin PBXFrameworksBuildPhase section */
		28F35C3B2E6273D3003EEF3B /* Frameworks */ = {
			isa = PBXFrameworksBuildPhase;
			buildActionMask = 2147483647;
			files = (
			);
			runOnlyForDeploymentPostprocessing = 0;
		};
		28F35C4A2E6273D5003EEF3B /* Frameworks */ = {
			isa = PBXFrameworksBuildPhase;
			buildActionMask = 2147483647;
			files = (
			);
			runOnlyForDeploymentPostprocessing = 0;
		};
		28F35C542E6273D5003EEF3B /* Frameworks */ = {
			isa = PBXFrameworksBuildPhase;
			buildActionMask = 2147483647;
			files = (
			);
			runOnlyForDeploymentPostprocessing = 0;
		};
/* End PBXFrameworksBuildPhase section */

/* Begin PBXGroup section */
		28F35C352E6273D3003EEF3B = {
			isa = PBXGroup;
			children = (
				28F35C402E6273D3003EEF3B /* in-out */,
				28F35C502E6273D5003EEF3B /* in-outTests */,
				28F35C5A2E6273D5003EEF3B /* in-outUITests */,
				28F35C3F2E6273D3003EEF3B /* Products */,
			);
			sourceTree = "<group>";
		};
		28F35C3F2E6273D3003EEF3B /* Products */ = {
			isa = PBXGroup;
			children = (
				28F35C3E2E6273D3003EEF3B /* in-out.app */,
				28F35C4D2E6273D5003EEF3B /* in-outTests.xctest */,
				28F35C572E6273D5003EEF3B /* in-outUITests.xctest */,
			);
			name = Products;
			sourceTree = "<group>";
		};
/* End PBXGroup section */

/* Begin PBXNativeTarget section */
		28F35C3D2E6273D3003EEF3B /* in-out */ = {
			isa = PBXNativeTarget;
			buildConfigurationList = 28F35C612E6273D5003EEF3B /* Build configuration list for PBXNativeTarget "in-out" */;
			buildPhases = (
				28F35C3A2E6273D3003EEF3B /* Sources */,
				28F35C3B2E6273D3003EEF3B /* Frameworks */,
				28F35C3C2E6273D3003EEF3B /* Resources */,
			);
			buildRules = (
			);
			dependencies = (
			);
			fileSystemSynchronizedGroups = (
				28F35C402E6273D3003EEF3B /* in-out */,
			);
			name = "in-out";
			packageProductDependencies = (
			);
			productName = "in-out";
			productReference = 28F35C3E2E6273D3003EEF3B /* in-out.app */;
			productType = "com.apple.product-type.application";
		};
		28F35C4C2E6273D5003EEF3B /* in-outTests */ = {
			isa = PBXNativeTarget;
			buildConfigurationList = 28F35C642E6273D5003EEF3B /* Build configuration list for PBXNativeTarget "in-outTests" */;
			buildPhases = (
				28F35C492E6273D5003EEF3B /* Sources */,
				28F35C4A2E6273D5003EEF3B /* Frameworks */,
				28F35C4B2E6273D5003EEF3B /* Resources */,
			);
			buildRules = (
			);
			dependencies = (
				28F35C4F2E6273D5003EEF3B /* PBXTargetDependency */,
			);
			fileSystemSynchronizedGroups = (
				28F35C502E6273D5003EEF3B /* in-outTests */,
			);
			name = "in-outTests";
			packageProductDependencies = (
			);
			productName = "in-outTests";
			productReference = 28F35C4D2E6273D5003EEF3B /* in-outTests.xctest */;
			productType = "com.apple.product-type.bundle.unit-test";
		};
		28F35C562E6273D5003EEF3B /* in-outUITests */ = {
			isa = PBXNativeTarget;
			buildConfigurationList = 28F35C672E6273D5003EEF3B /* Build configuration list for PBXNativeTarget "in-outUITests" */;
			buildPhases = (
				28F35C532E6273D5003EEF3B /* Sources */,
				28F35C542E6273D5003EEF3B /* Frameworks */,
				28F35C552E6273D5003EEF3B /* Resources */,
			);
			buildRules = (
			);
			dependencies = (
				28F35C592E6273D5003EEF3B /* PBXTargetDependency */,
			);
			fileSystemSynchronizedGroups = (
				28F35C5A2E6273D5003EEF3B /* in-outUITests */,
			);
			name = "in-outUITests";
			packageProductDependencies = (
			);
			productName = "in-outUITests";
			productReference = 28F35C572E6273D5003EEF3B /* in-outUITests.xctest */;
			productType = "com.apple.product-type.bundle.ui-testing";
		};
/* End PBXNativeTarget section */

/* Begin PBXProject section */
		28F35C362E6273D3003EEF3B /* Project object */ = {
			isa = PBXProject;
			attributes = {
				BuildIndependentTargetsInParallel = 1;
				LastSwiftUpdateCheck = 1640;
				LastUpgradeCheck = 1640;
				TargetAttributes = {
					28F35C3D2E6273D3003EEF3B = {
						CreatedOnToolsVersion = 16.4;
					};
					28F35C4C2E6273D5003EEF3B = {
						CreatedOnToolsVersion = 16.4;
						TestTargetID = 28F35C3D2E6273D3003EEF3B;
					};
					28F35C562E6273D5003EEF3B = {
						CreatedOnToolsVersion = 16.4;
						TestTargetID = 28F35C3D2E6273D3003EEF3B;
					};
				};
			};
			buildConfigurationList = 28F35C392E6273D3003EEF3B /* Build configuration list for PBXProject "in-out" */;
			developmentRegion = en;
			hasScannedForEncodings = 0;
			knownRegions = (
				en,
				Base,
			);
			mainGroup = 28F35C352E6273D3003EEF3B;
			minimizedProjectReferenceProxies = 1;
			preferredProjectObjectVersion = 77;
			productRefGroup = 28F35C3F2E6273D3003EEF3B /* Products */;
			projectDirPath = "";
			projectRoot = "";
			targets = (
				28F35C3D2E6273D3003EEF3B /* in-out */,
				28F35C4C2E6273D5003EEF3B /* in-outTests */,
				28F35C562E6273D5003EEF3B /* in-outUITests */,
			);
		};
/* End PBXProject section */

/* Begin PBXResourcesBuildPhase section */
		28F35C3C2E6273D3003EEF3B /* Resources */ = {
			isa = PBXResourcesBuildPhase;
			buildActionMask = 2147483647;
			files = (
			);
			runOnlyForDeploymentPostprocessing = 0;
		};
		28F35C4B2E6273D5003EEF3B /* Resources */ = {
			isa = PBXResourcesBuildPhase;
			buildActionMask = 2147483647;
			files = (
			);
			runOnlyForDeploymentPostprocessing = 0;
		};
		28F35C552E6273D5003EEF3B /* Resources */ = {
			isa = PBXResourcesBuildPhase;
			buildActionMask = 2147483647;
			files = (
			);
			runOnlyForDeploymentPostprocessing = 0;
		};
/* End PBXResourcesBuildPhase section */

/* Begin PBXSourcesBuildPhase section */
		28F35C3A2E6273D3003EEF3B /* Sources */ = {
			isa = PBXSourcesBuildPhase;
			buildActionMask = 2147483647;
			files = (
			);
			runOnlyForDeploymentPostprocessing = 0;
		};
		28F35C492E6273D5003EEF3B /* Sources */ = {
			isa = PBXSourcesBuildPhase;
			buildActionMask = 2147483647;
			files = (
			);
			runOnlyForDeploymentPostprocessing = 0;
		};
		28F35C532E6273D5003EEF3B /* Sources */ = {
			isa = PBXSourcesBuildPhase;
			buildActionMask = 2147483647;
			files = (
			);
			runOnlyForDeploymentPostprocessing = 0;
		};
/* End PBXSourcesBuildPhase section */

/* Begin PBXTargetDependency section */
		28F35C4F2E6273D5003EEF3B /* PBXTargetDependency */ = {
			isa = PBXTargetDependency;
			target = 28F35C3D2E6273D3003EEF3B /* in-out */;
			targetProxy = 28F35C4E2E6273D5003EEF3B /* PBXContainerItemProxy */;
		};
		28F35C592E6273D5003EEF3B /* PBXTargetDependency */ = {
			isa = PBXTargetDependency;
			target = 28F35C3D2E6273D3003EEF3B /* in-out */;
			targetProxy = 28F35C582E6273D5003EEF3B /* PBXContainerItemProxy */;
		};
/* End PBXTargetDependency section */

/* Begin XCBuildConfiguration section */
		28F35C5F2E6273D5003EEF3B /* Debug */ = {
			isa = XCBuildConfiguration;
			buildSettings = {
				ALWAYS_SEARCH_USER_PATHS = NO;
				ASSETCATALOG_COMPILER_GENERATE_SWIFT_ASSET_SYMBOL_EXTENSIONS = YES;
				CLANG_ANALYZER_NONNULL = YES;
				CLANG_ANALYZER_NUMBER_OBJECT_CONVERSION = YES_AGGRESSIVE;
				CLANG_CXX_LANGUAGE_STANDARD = "gnu++20";
				CLANG_ENABLE_MODULES = YES;
				CLANG_ENABLE_OBJC_ARC = YES;
				CLANG_ENABLE_OBJC_WEAK = YES;
				CLANG_WARN_BLOCK_CAPTURE_AUTORELEASING = YES;
				CLANG_WARN_BOOL_CONVERSION = YES;
				CLANG_WARN_COMMA = YES;
				CLANG_WARN_CONSTANT_CONVERSION = YES;
				CLANG_WARN_DEPRECATED_OBJC_IMPLEMENTATIONS = YES;
				CLANG_WARN_DIRECT_OBJC_ISA_USAGE = YES_ERROR;
				CLANG_WARN_DOCUMENTATION_COMMENTS = YES;
				CLANG_WARN_EMPTY_BODY = YES;
				CLANG_WARN_ENUM_CONVERSION = YES;
				CLANG_WARN_INFINITE_RECURSION = YES;
				CLANG_WARN_INT_CONVERSION = YES;
				CLANG_WARN_NON_LITERAL_NULL_CONVERSION = YES;
				CLANG_WARN_OBJC_IMPLICIT_RETAIN_SELF = YES;
				CLANG_WARN_OBJC_LITERAL_CONVERSION = YES;
				CLANG_WARN_OBJC_ROOT_CLASS = YES_ERROR;
				CLANG_WARN_QUOTED_INCLUDE_IN_FRAMEWORK_HEADER = YES;
				CLANG_WARN_RANGE_LOOP_ANALYSIS = YES;
				CLANG_WARN_STRICT_PROTOTYPES = YES;
				CLANG_WARN_SUSPICIOUS_MOVE = YES;
				CLANG_WARN_UNGUARDED_AVAILABILITY = YES_AGGRESSIVE;
				CLANG_WARN_UNREACHABLE_CODE = YES;
				CLANG_WARN__DUPLICATE_METHOD_MATCH = YES;
				COPY_PHASE_STRIP = NO;
				DEBUG_INFORMATION_FORMAT = dwarf;
				ENABLE_STRICT_OBJC_MSGSEND = YES;
				ENABLE_TESTABILITY = YES;
				ENABLE_USER_SCRIPT_SANDBOXING = YES;
				GCC_C_LANGUAGE_STANDARD = gnu17;
				GCC_DYNAMIC_NO_PIC = NO;
				GCC_NO_COMMON_BLOCKS = YES;
				GCC_OPTIMIZATION_LEVEL = 0;
				GCC_PREPROCESSOR_DEFINITIONS = (
					"DEBUG=1",
					"$(inherited)",
				);
				GCC_WARN_64_TO_32_BIT_CONVERSION = YES;
				GCC_WARN_ABOUT_RETURN_TYPE = YES_ERROR;
				GCC_WARN_UNDECLARED_SELECTOR = YES;
				GCC_WARN_UNINITIALIZED_AUTOS = YES_AGGRESSIVE;
				GCC_WARN_UNUSED_FUNCTION = YES;
				GCC_WARN_UNUSED_VARIABLE = YES;
				IPHONEOS_DEPLOYMENT_TARGET = 18.5;
				LOCALIZATION_PREFERS_STRING_CATALOGS = YES;
				MTL_ENABLE_DEBUG_INFO = INCLUDE_SOURCE;
				MTL_FAST_MATH = YES;
				ONLY_ACTIVE_ARCH = YES;
				SDKROOT = iphoneos;
				SWIFT_ACTIVE_COMPILATION_CONDITIONS = "DEBUG $(inherited)";
				SWIFT_OPTIMIZATION_LEVEL = "-Onone";
			};
			name = Debug;
		};
		28F35C602E6273D5003EEF3B /* Release */ = {
			isa = XCBuildConfiguration;
			buildSettings = {
				ALWAYS_SEARCH_USER_PATHS = NO;
				ASSETCATALOG_COMPILER_GENERATE_SWIFT_ASSET_SYMBOL_EXTENSIONS = YES;
				CLANG_ANALYZER_NONNULL = YES;
				CLANG_ANALYZER_NUMBER_OBJECT_CONVERSION = YES_AGGRESSIVE;
				CLANG_CXX_LANGUAGE_STANDARD = "gnu++20";
				CLANG_ENABLE_MODULES = YES;
				CLANG_ENABLE_OBJC_ARC = YES;
				CLANG_ENABLE_OBJC_WEAK = YES;
				CLANG_WARN_BLOCK_CAPTURE_AUTORELEASING = YES;
				CLANG_WARN_BOOL_CONVERSION = YES;
				CLANG_WARN_COMMA = YES;
				CLANG_WARN_CONSTANT_CONVERSION = YES;
				CLANG_WARN_DEPRECATED_OBJC_IMPLEMENTATIONS = YES;
				CLANG_WARN_DIRECT_OBJC_ISA_USAGE = YES_ERROR;
				CLANG_WARN_DOCUMENTATION_COMMENTS = YES;
				CLANG_WARN_EMPTY_BODY = YES;
				CLANG_WARN_ENUM_CONVERSION = YES;
				CLANG_WARN_INFINITE_RECURSION = YES;
				CLANG_WARN_INT_CONVERSION = YES;
				CLANG_WARN_NON_LITERAL_NULL_CONVERSION = YES;
				CLANG_WARN_OBJC_IMPLICIT_RETAIN_SELF = YES;
				CLANG_WARN_OBJC_LITERAL_CONVERSION = YES;
				CLANG_WARN_OBJC_ROOT_CLASS = YES_ERROR;
				CLANG_WARN_QUOTED_INCLUDE_IN_FRAMEWORK_HEADER = YES;
				CLANG_WARN_RANGE_LOOP_ANALYSIS = YES;
				CLANG_WARN_STRICT_PROTOTYPES = YES;
				CLANG_WARN_SUSPICIOUS_MOVE = YES;
				CLANG_WARN_UNGUARDED_AVAILABILITY = YES_AGGRESSIVE;
				CLANG_WARN_UNREACHABLE_CODE = YES;
				CLANG_WARN__DUPLICATE_METHOD_MATCH = YES;
				COPY_PHASE_STRIP = NO;
				DEBUG_INFORMATION_FORMAT = "dwarf-with-dsym";
				ENABLE_NS_ASSERTIONS = NO;
				ENABLE_STRICT_OBJC_MSGSEND = YES;
				ENABLE_USER_SCRIPT_SANDBOXING = YES;
				GCC_C_LANGUAGE_STANDARD = gnu17;
				GCC_NO_COMMON_BLOCKS = YES;
				GCC_WARN_64_TO_32_BIT_CONVERSION = YES;
				GCC_WARN_ABOUT_RETURN_TYPE = YES_ERROR;
				GCC_WARN_UNDECLARED_SELECTOR = YES;
				GCC_WARN_UNINITIALIZED_AUTOS = YES_AGGRESSIVE;
				GCC_WARN_UNUSED_FUNCTION = YES;
				GCC_WARN_UNUSED_VARIABLE = YES;
				IPHONEOS_DEPLOYMENT_TARGET = 18.5;
				LOCALIZATION_PREFERS_STRING_CATALOGS = YES;
				MTL_ENABLE_DEBUG_INFO = NO;
				MTL_FAST_MATH = YES;
				SDKROOT = iphoneos;
				SWIFT_COMPILATION_MODE = wholemodule;
				VALIDATE_PRODUCT = YES;
			};
			name = Release;
		};
		28F35C622E6273D5003EEF3B /* Debug */ = {
			isa = XCBuildConfiguration;
			buildSettings = {
				ASSETCATALOG_COMPILER_APPICON_NAME = AppIcon;
				ASSETCATALOG_COMPILER_GLOBAL_ACCENT_COLOR_NAME = AccentColor;
				CODE_SIGN_STYLE = Automatic;
				CURRENT_PROJECT_VERSION = 1;
				DEVELOPMENT_TEAM = B4BV9T2Q25;
				ENABLE_PREVIEWS = YES;
				GENERATE_INFOPLIST_FILE = YES;
				INFOPLIST_KEY_CFBundleDisplayName = "In & Out";
				INFOPLIST_KEY_NSFaceIDUsageDescription = "Necesitamos verificar tu identidad para acceder a la aplicación";
				INFOPLIST_KEY_UIApplicationSceneManifest_Generation = YES;
				INFOPLIST_KEY_UIApplicationSupportsIndirectInputEvents = YES;
				INFOPLIST_KEY_UILaunchScreen_Generation = YES;
				INFOPLIST_KEY_UISupportedInterfaceOrientations = UIInterfaceOrientationPortrait;
				LD_RUNPATH_SEARCH_PATHS = (
					"$(inherited)",
					"@executable_path/Frameworks",
				);
				MARKETING_VERSION = 1.0;
				PRODUCT_BUNDLE_IDENTIFIER = "com.tecmilenio.in-out";
				PRODUCT_NAME = "$(TARGET_NAME)";
				SWIFT_EMIT_LOC_STRINGS = YES;
				SWIFT_VERSION = 5.0;
				TARGETED_DEVICE_FAMILY = "1,2";
			};
			name = Debug;
		};
		28F35C632E6273D5003EEF3B /* Release */ = {
			isa = XCBuildConfiguration;
			buildSettings = {
				ASSETCATALOG_COMPILER_APPICON_NAME = AppIcon;
				ASSETCATALOG_COMPILER_GLOBAL_ACCENT_COLOR_NAME = AccentColor;
				CODE_SIGN_STYLE = Automatic;
				CURRENT_PROJECT_VERSION = 1;
				DEVELOPMENT_TEAM = B4BV9T2Q25;
				ENABLE_PREVIEWS = YES;
				GENERATE_INFOPLIST_FILE = YES;
				INFOPLIST_KEY_CFBundleDisplayName = "In & Out";
				INFOPLIST_KEY_NSFaceIDUsageDescription = "Necesitamos verificar tu identidad para acceder a la aplicación";
				INFOPLIST_KEY_UIApplicationSceneManifest_Generation = YES;
				INFOPLIST_KEY_UIApplicationSupportsIndirectInputEvents = YES;
				INFOPLIST_KEY_UILaunchScreen_Generation = YES;
				INFOPLIST_KEY_UISupportedInterfaceOrientations = UIInterfaceOrientationPortrait;
				LD_RUNPATH_SEARCH_PATHS = (
					"$(inherited)",
					"@executable_path/Frameworks",
				);
				MARKETING_VERSION = 1.0;
				PRODUCT_BUNDLE_IDENTIFIER = "com.tecmilenio.in-out";
				PRODUCT_NAME = "$(TARGET_NAME)";
				SWIFT_EMIT_LOC_STRINGS = YES;
				SWIFT_VERSION = 5.0;
				TARGETED_DEVICE_FAMILY = "1,2";
			};
			name = Release;
		};
		28F35C652E6273D5003EEF3B /* Debug */ = {
			isa = XCBuildConfiguration;
			buildSettings = {
				BUNDLE_LOADER = "$(TEST_HOST)";
				CODE_SIGN_STYLE = Automatic;
				CURRENT_PROJECT_VERSION = 1;
				GENERATE_INFOPLIST_FILE = YES;
				IPHONEOS_DEPLOYMENT_TARGET = 18.5;
				MARKETING_VERSION = 1.0;
				PRODUCT_BUNDLE_IDENTIFIER = "com.tecmilenio.in-outTests";
				PRODUCT_NAME = "$(TARGET_NAME)";
				SWIFT_EMIT_LOC_STRINGS = NO;
				SWIFT_VERSION = 5.0;
				TARGETED_DEVICE_FAMILY = "1,2";
				TEST_HOST = "$(BUILT_PRODUCTS_DIR)/in-out.app/$(BUNDLE_EXECUTABLE_FOLDER_PATH)/in-out";
			};
			name = Debug;
		};
		28F35C662E6273D5003EEF3B /* Release */ = {
			isa = XCBuildConfiguration;
			buildSettings = {
				BUNDLE_LOADER = "$(TEST_HOST)";
				CODE_SIGN_STYLE = Automatic;
				CURRENT_PROJECT_VERSION = 1;
				GENERATE_INFOPLIST_FILE = YES;
				IPHONEOS_DEPLOYMENT_TARGET = 18.5;
				MARKETING_VERSION = 1.0;
				PRODUCT_BUNDLE_IDENTIFIER = "com.tecmilenio.in-outTests";
				PRODUCT_NAME = "$(TARGET_NAME)";
				SWIFT_EMIT_LOC_STRINGS = NO;
				SWIFT_VERSION = 5.0;
				TARGETED_DEVICE_FAMILY = "1,2";
				TEST_HOST = "$(BUILT_PRODUCTS_DIR)/in-out.app/$(BUNDLE_EXECUTABLE_FOLDER_PATH)/in-out";
			};
			name = Release;
		};
		28F35C682E6273D5003EEF3B /* Debug */ = {
			isa = XCBuildConfiguration;
			buildSettings = {
				CODE_SIGN_STYLE = Automatic;
				CURRENT_PROJECT_VERSION = 1;
				GENERATE_INFOPLIST_FILE = YES;
				MARKETING_VERSION = 1.0;
				PRODUCT_BUNDLE_IDENTIFIER = "com.tecmilenio.in-outUITests";
				PRODUCT_NAME = "$(TARGET_NAME)";
				SWIFT_EMIT_LOC_STRINGS = NO;
				SWIFT_VERSION = 5.0;
				TARGETED_DEVICE_FAMILY = "1,2";
				TEST_TARGET_NAME = "in-out";
			};
			name = Debug;
		};
		28F35C692E6273D5003EEF3B /* Release */ = {
			isa = XCBuildConfiguration;
			buildSettings = {
				CODE_SIGN_STYLE = Automatic;
				CURRENT_PROJECT_VERSION = 1;
				GENERATE_INFOPLIST_FILE = YES;
				MARKETING_VERSION = 1.0;
				PRODUCT_BUNDLE_IDENTIFIER = "com.tecmilenio.in-outUITests";
				PRODUCT_NAME = "$(TARGET_NAME)";
				SWIFT_EMIT_LOC_STRINGS = NO;
				SWIFT_VERSION = 5.0;
				TARGETED_DEVICE_FAMILY = "1,2";
				TEST_TARGET_NAME = "in-out";
			};
			name = Release;
		};
/* End XCBuildConfiguration section */

/* Begin XCConfigurationList section */
		28F35C392E6273D3003EEF3B /* Build configuration list for PBXProject "in-out" */ = {
			isa = XCConfigurationList;
			buildConfigurations = (
				28F35C5F2E6273D5003EEF3B /* Debug */,
				28F35C602E6273D5003EEF3B /* Release */,
			);
			defaultConfigurationIsVisible = 0;
			defaultConfigurationName = Release;
		};
		28F35C612E6273D5003EEF3B /* Build configuration list for PBXNativeTarget "in-out" */ = {
			isa = XCConfigurationList;
			buildConfigurations = (
				28F35C622E6273D5003EEF3B /* Debug */,
				28F35C632E6273D5003EEF3B /* Release */,
			);
			defaultConfigurationIsVisible = 0;
			defaultConfigurationName = Release;
		};
		28F35C642E6273D5003EEF3B /* Build configuration list for PBXNativeTarget "in-outTests" */ = {
			isa = XCConfigurationList;
			buildConfigurations = (
				28F35C652E6273D5003EEF3B /* Debug */,
				28F35C662E6273D5003EEF3B /* Release */,
			);
			defaultConfigurationIsVisible = 0;
			defaultConfigurationName = Release;
		};
		28F35C672E6273D5003EEF3B /* Build configuration list for PBXNativeTarget "in-outUITests" */ = {
			isa = XCConfigurationList;
			buildConfigurations = (
				28F35C682E6273D5003EEF3B /* Debug */,
				28F35C692E6273D5003EEF3B /* Release */,
			);
			defaultConfigurationIsVisible = 0;
			defaultConfigurationName = Release;
		};
/* End XCConfigurationList section */
	};
	rootObject = 28F35C362E6273D3003EEF3B /* Project object */;
}
